
Microsoft Visual Studio Solution File, Format Version 12.00
# Visual Studio 2013
VisualStudioVersion = 12.0.40629.0
MinimumVisualStudioVersion = 10.0.40219.1
Project("{2150E333-8FDC-42A3-9474-1A3956D46DE8}") = "props", "props", "{632DD6E1-28DF-42F9-AD7F-1C1F2D38765C}"
	ProjectSection(SolutionItems) = preProject
		CommonSettings.props = CommonSettings.props
	EndProjectSection
EndProject
Project("{8BC9CEB8-8B4A-11D0-8D11-00A0C91BC942}") = "proto", "proto\proto.vcxproj", "{9612CF7A-9F49-4879-98EA-B0DBBBF528DB}"
EndProject
Project("{8BC9CEB8-8B4A-11D0-8D11-00A0C91BC942}") = "shadow", "shadow\shadow.vcxproj", "{40355AFF-EBDF-4C40-8800-05B4D7DDC473}"
EndProject
Project("{8BC9CEB8-8B4A-11D0-8D11-00A0C91BC942}") = "ssd", "ssd\ssd.vcxproj", "{BB25E1D6-C2B4-47AF-80A1-3EFA237C6DC6}"
EndProject
Project("{8BC9CEB8-8B4A-11D0-8D11-00A0C91BC942}") = "caffe2shadow", "caffe2shadow\caffe2shadow.vcxproj", "{D77656F6-3C2C-4515-9855-BF684333D812}"
EndProject
Global
	GlobalSection(SolutionConfigurationPlatforms) = preSolution
		Debug|x64 = Debug|x64
		Release|x64 = Release|x64
	EndGlobalSection
	GlobalSection(ProjectConfigurationPlatforms) = postSolution
		{40355AFF-EBDF-4C40-8800-05B4D7DDC473}.Debug|x64.ActiveCfg = Debug|x64
		{40355AFF-EBDF-4C40-8800-05B4D7DDC473}.Debug|x64.Build.0 = Debug|x64
		{40355AFF-EBDF-4C40-8800-05B4D7DDC473}.Release|x64.ActiveCfg = Release|x64
		{40355AFF-EBDF-4C40-8800-05B4D7DDC473}.Release|x64.Build.0 = Release|x64
		{BB25E1D6-C2B4-47AF-80A1-3EFA237C6DC6}.Debug|x64.ActiveCfg = Debug|x64
		{BB25E1D6-C2B4-47AF-80A1-3EFA237C6DC6}.Debug|x64.Build.0 = Debug|x64
		{BB25E1D6-C2B4-47AF-80A1-3EFA237C6DC6}.Release|x64.ActiveCfg = Release|x64
		{BB25E1D6-C2B4-47AF-80A1-3EFA237C6DC6}.Release|x64.Build.0 = Release|x64
		{D77656F6-3C2C-4515-9855-BF684333D812}.Debug|x64.ActiveCfg = Debug|x64
		{D77656F6-3C2C-4515-9855-BF684333D812}.Debug|x64.Build.0 = Debug|x64
		{D77656F6-3C2C-4515-9855-BF684333D812}.Release|x64.ActiveCfg = Release|x64
		{D77656F6-3C2C-4515-9855-BF684333D812}.Release|x64.Build.0 = Release|x64
		{9612CF7A-9F49-4879-98EA-B0DBBBF528DB}.Debug|x64.ActiveCfg = Debug|x64
		{9612CF7A-9F49-4879-98EA-B0DBBBF528DB}.Debug|x64.Build.0 = Debug|x64
		{9612CF7A-9F49-4879-98EA-B0DBBBF528DB}.Release|x64.ActiveCfg = Release|x64
		{9612CF7A-9F49-4879-98EA-B0DBBBF528DB}.Release|x64.Build.0 = Release|x64
	EndGlobalSection
	GlobalSection(SolutionProperties) = preSolution
		HideSolutionNode = FALSE
	EndGlobalSection
EndGlobal
