<?xml version="1.0" encoding="utf-8"?>
<Project ToolsVersion="4.0" xmlns="http://schemas.microsoft.com/developer/msbuild/2003">
  <ItemGroup>
    <Filter Include="inc">
      <UniqueIdentifier>{8d4208ac-4525-4ee7-88d3-001810132c3d}</UniqueIdentifier>
    </Filter>
    <Filter Include="src">
      <UniqueIdentifier>{9a59864f-ebb7-4701-a033-7a482ae15555}</UniqueIdentifier>
    </Filter>
  </ItemGroup>
  <ItemGroup>
    <ClInclude Include="..\..\tools\caffe.pb.h">
      <Filter>inc</Filter>
    </ClInclude>
    <ClInclude Include="..\..\tools\shadow.pb.h">
      <Filter>inc</Filter>
    </ClInclude>
  </ItemGroup>
  <ItemGroup>
    <ClCompile Include="..\..\tools\caffe.pb.cc">
      <Filter>src</Filter>
    </ClCompile>
    <ClCompile Include="..\..\tools\shadow.pb.cc">
      <Filter>src</Filter>
    </ClCompile>
  </ItemGroup>
</Project>