<?xml version="1.0" encoding="utf-8"?>
<Project ToolsVersion="4.0" xmlns="http://schemas.microsoft.com/developer/msbuild/2003">
  <ItemGroup>
    <Filter Include="test">
      <UniqueIdentifier>{93995380-89BD-4b04-88EB-625FBE52EBFB}</UniqueIdentifier>
    </Filter>
    <Filter Include="test\layers">
      <UniqueIdentifier>{79a4a75e-a21a-4f1d-be65-81cb3481bfe0}</UniqueIdentifier>
    </Filter>
    <Filter Include="test\util">
      <UniqueIdentifier>{f3c19bae-6b25-454a-b150-ed55ec950b3d}</UniqueIdentifier>
    </Filter>
  </ItemGroup>
  <ItemGroup>
    <ClInclude Include="..\..\test\layers\test_activate_layer.hpp">
      <Filter>test\layers</Filter>
    </ClInclude>
    <ClInclude Include="..\..\test\layers\test_batch_norm_layer.hpp">
      <Filter>test\layers</Filter>
    </ClInclude>
    <ClInclude Include="..\..\test\layers\test_bias_layer.hpp">
      <Filter>test\layers</Filter>
    </ClInclude>
    <ClInclude Include="..\..\test\layers\test_concat_layer.hpp">
      <Filter>test\layers</Filter>
    </ClInclude>
    <ClInclude Include="..\..\test\layers\test_connected_layer.hpp">
      <Filter>test\layers</Filter>
    </ClInclude>
    <ClInclude Include="..\..\test\layers\test_convolution_layer.hpp">
      <Filter>test\layers</Filter>
    </ClInclude>
    <ClInclude Include="..\..\test\layers\test_data_layer.hpp">
      <Filter>test\layers</Filter>
    </ClInclude>
    <ClInclude Include="..\..\test\layers\test_flatten_layer.hpp">
      <Filter>test\layers</Filter>
    </ClInclude>
    <ClInclude Include="..\..\test\layers\test_lrn_layer.hpp">
      <Filter>test\layers</Filter>
    </ClInclude>
    <ClInclude Include="..\..\test\layers\test_normalize_layer.hpp">
      <Filter>test\layers</Filter>
    </ClInclude>
    <ClInclude Include="..\..\test\layers\test_permute_layer.hpp">
      <Filter>test\layers</Filter>
    </ClInclude>
    <ClInclude Include="..\..\test\layers\test_pooling_layer.hpp">
      <Filter>test\layers</Filter>
    </ClInclude>
    <ClInclude Include="..\..\test\layers\test_prior_box_layer.hpp">
      <Filter>test\layers</Filter>
    </ClInclude>
    <ClInclude Include="..\..\test\layers\test_reorg_layer.hpp">
      <Filter>test\layers</Filter>
    </ClInclude>
    <ClInclude Include="..\..\test\layers\test_reshape_layer.hpp">
      <Filter>test\layers</Filter>
    </ClInclude>
    <ClInclude Include="..\..\test\layers\test_scale_layer.hpp">
      <Filter>test\layers</Filter>
    </ClInclude>
    <ClInclude Include="..\..\test\layers\test_softmax_layer.hpp">
      <Filter>test\layers</Filter>
    </ClInclude>
    <ClInclude Include="..\..\test\util\test_blas.hpp">
      <Filter>test\util</Filter>
    </ClInclude>
    <ClInclude Include="..\..\test\test_shadow.hpp">
      <Filter>test</Filter>
    </ClInclude>
    <ClInclude Include="..\..\..\third_party\gtest\gtest.h">
      <Filter>test</Filter>
    </ClInclude>
  </ItemGroup>
  <ItemGroup>
    <ClCompile Include="..\..\test\layers\test_activate_layer.cpp">
      <Filter>test\layers</Filter>
    </ClCompile>
    <ClCompile Include="..\..\test\layers\test_batch_norm_layer.cpp">
      <Filter>test\layers</Filter>
    </ClCompile>
    <ClCompile Include="..\..\test\layers\test_bias_layer.cpp">
      <Filter>test\layers</Filter>
    </ClCompile>
    <ClCompile Include="..\..\test\layers\test_concat_layer.cpp">
      <Filter>test\layers</Filter>
    </ClCompile>
    <ClCompile Include="..\..\test\layers\test_connected_layer.cpp">
      <Filter>test\layers</Filter>
    </ClCompile>
    <ClCompile Include="..\..\test\layers\test_convolution_layer.cpp">
      <Filter>test\layers</Filter>
    </ClCompile>
    <ClCompile Include="..\..\test\layers\test_data_layer.cpp">
      <Filter>test\layers</Filter>
    </ClCompile>
    <ClCompile Include="..\..\test\layers\test_flatten_layer.cpp">
      <Filter>test\layers</Filter>
    </ClCompile>
    <ClCompile Include="..\..\test\layers\test_lrn_layer.cpp">
      <Filter>test\layers</Filter>
    </ClCompile>
    <ClCompile Include="..\..\test\layers\test_normalize_layer.cpp">
      <Filter>test\layers</Filter>
    </ClCompile>
    <ClCompile Include="..\..\test\layers\test_permute_layer.cpp">
      <Filter>test\layers</Filter>
    </ClCompile>
    <ClCompile Include="..\..\test\layers\test_pooling_layer.cpp">
      <Filter>test\layers</Filter>
    </ClCompile>
    <ClCompile Include="..\..\test\layers\test_prior_box_layer.cpp">
      <Filter>test\layers</Filter>
    </ClCompile>
    <ClCompile Include="..\..\test\layers\test_reorg_layer.cpp">
      <Filter>test\layers</Filter>
    </ClCompile>
    <ClCompile Include="..\..\test\layers\test_reshape_layer.cpp">
      <Filter>test\layers</Filter>
    </ClCompile>
    <ClCompile Include="..\..\test\layers\test_scale_layer.cpp">
      <Filter>test\layers</Filter>
    </ClCompile>
    <ClCompile Include="..\..\test\layers\test_softmax_layer.cpp">
      <Filter>test\layers</Filter>
    </ClCompile>
    <ClCompile Include="..\..\test\util\test_blas.cpp">
      <Filter>test\util</Filter>
    </ClCompile>
    <ClCompile Include="..\..\test\test_shadow.cpp">
      <Filter>test</Filter>
    </ClCompile>
    <ClCompile Include="..\..\..\third_party\gtest\gtest-all.cc">
      <Filter>test</Filter>
    </ClCompile>
  </ItemGroup>
</Project>