<?xml version="1.0" encoding="utf-8"?>
<Project ToolsVersion="4.0" xmlns="http://schemas.microsoft.com/developer/msbuild/2003">
  <ItemGroup>
    <Filter Include="core">
      <UniqueIdentifier>{b2591d89-5844-44c8-ac05-cb5df7db0c98}</UniqueIdentifier>
    </Filter>
    <Filter Include="layers">
      <UniqueIdentifier>{3d09143b-e937-48d4-93a3-3bf960e35f65}</UniqueIdentifier>
    </Filter>
    <Filter Include="util">
      <UniqueIdentifier>{c237465f-adf6-4b4b-b4ed-7b8a31b74142}</UniqueIdentifier>
    </Filter>
  </ItemGroup>
  <ItemGroup>
    <ClInclude Include="..\..\core\blas.hpp">
      <Filter>core</Filter>
    </ClInclude>
    <ClInclude Include="..\..\core\blob.hpp">
      <Filter>core</Filter>
    </ClInclude>
    <ClInclude Include="..\..\core\cudnn.hpp">
      <Filter>core</Filter>
    </ClInclude>
    <ClInclude Include="..\..\core\image.hpp">
      <Filter>core</Filter>
    </ClInclude>
    <ClInclude Include="..\..\core\json.hpp">
      <Filter>core</Filter>
    </ClInclude>
    <ClInclude Include="..\..\core\kernel.hpp">
      <Filter>core</Filter>
    </ClInclude>
    <ClInclude Include="..\..\core\layer.hpp">
      <Filter>core</Filter>
    </ClInclude>
    <ClInclude Include="..\..\core\network.hpp">
      <Filter>core</Filter>
    </ClInclude>
    <ClInclude Include="..\..\core\params.hpp">
      <Filter>core</Filter>
    </ClInclude>
    <ClInclude Include="..\..\core\parser.hpp">
      <Filter>core</Filter>
    </ClInclude>
    <ClInclude Include="..\..\layers\activate_layer.hpp">
      <Filter>layers</Filter>
    </ClInclude>
    <ClInclude Include="..\..\layers\batch_norm_layer.hpp">
      <Filter>layers</Filter>
    </ClInclude>
    <ClInclude Include="..\..\layers\bias_layer.hpp">
      <Filter>layers</Filter>
    </ClInclude>
    <ClInclude Include="..\..\layers\concat_layer.hpp">
      <Filter>layers</Filter>
    </ClInclude>
    <ClInclude Include="..\..\layers\connected_layer.hpp">
      <Filter>layers</Filter>
    </ClInclude>
    <ClInclude Include="..\..\layers\convolution_layer.hpp">
      <Filter>layers</Filter>
    </ClInclude>
    <ClInclude Include="..\..\layers\data_layer.hpp">
      <Filter>layers</Filter>
    </ClInclude>
    <ClInclude Include="..\..\layers\flatten_layer.hpp">
      <Filter>layers</Filter>
    </ClInclude>
    <ClInclude Include="..\..\layers\lrn_layer.hpp">
      <Filter>layers</Filter>
    </ClInclude>
    <ClInclude Include="..\..\layers\normalize_layer.hpp">
      <Filter>layers</Filter>
    </ClInclude>
    <ClInclude Include="..\..\layers\permute_layer.hpp">
      <Filter>layers</Filter>
    </ClInclude>
    <ClInclude Include="..\..\layers\pooling_layer.hpp">
      <Filter>layers</Filter>
    </ClInclude>
    <ClInclude Include="..\..\layers\prior_box_layer.hpp">
      <Filter>layers</Filter>
    </ClInclude>
    <ClInclude Include="..\..\layers\reorg_layer.hpp">
      <Filter>layers</Filter>
    </ClInclude>
    <ClInclude Include="..\..\layers\reshape_layer.hpp">
      <Filter>layers</Filter>
    </ClInclude>
    <ClInclude Include="..\..\layers\scale_layer.hpp">
      <Filter>layers</Filter>
    </ClInclude>
    <ClInclude Include="..\..\layers\softmax_layer.hpp">
      <Filter>layers</Filter>
    </ClInclude>
    <ClInclude Include="..\..\util\boxes.hpp">
      <Filter>util</Filter>
    </ClInclude>
    <ClInclude Include="..\..\util\io.hpp">
      <Filter>util</Filter>
    </ClInclude>
    <ClInclude Include="..\..\util\jimage.hpp">
      <Filter>util</Filter>
    </ClInclude>
    <ClInclude Include="..\..\util\jimage_proc.hpp">
      <Filter>util</Filter>
    </ClInclude>
    <ClInclude Include="..\..\util\log.hpp">
      <Filter>util</Filter>
    </ClInclude>
    <ClInclude Include="..\..\util\type.hpp">
      <Filter>util</Filter>
    </ClInclude>
    <ClInclude Include="..\..\util\util.hpp">
      <Filter>util</Filter>
    </ClInclude>
  </ItemGroup>
  <ItemGroup>
    <ClCompile Include="..\..\core\blas.cpp">
      <Filter>core</Filter>
    </ClCompile>
    <ClCompile Include="..\..\core\cudnn.cpp">
      <Filter>core</Filter>
    </ClCompile>
    <ClCompile Include="..\..\core\image.cpp">
      <Filter>core</Filter>
    </ClCompile>
    <ClCompile Include="..\..\core\json.cpp">
      <Filter>core</Filter>
    </ClCompile>
    <ClCompile Include="..\..\core\kernel.cpp">
      <Filter>core</Filter>
    </ClCompile>
    <ClCompile Include="..\..\core\network.cpp">
      <Filter>core</Filter>
    </ClCompile>
    <ClCompile Include="..\..\core\parser.cpp">
      <Filter>core</Filter>
    </ClCompile>
    <ClCompile Include="..\..\layers\activate_layer.cpp">
      <Filter>layers</Filter>
    </ClCompile>
    <ClCompile Include="..\..\layers\batch_norm_layer.cpp">
      <Filter>layers</Filter>
    </ClCompile>
    <ClCompile Include="..\..\layers\bias_layer.cpp">
      <Filter>layers</Filter>
    </ClCompile>
    <ClCompile Include="..\..\layers\concat_layer.cpp">
      <Filter>layers</Filter>
    </ClCompile>
    <ClCompile Include="..\..\layers\connected_layer.cpp">
      <Filter>layers</Filter>
    </ClCompile>
    <ClCompile Include="..\..\layers\convolution_layer.cpp">
      <Filter>layers</Filter>
    </ClCompile>
    <ClCompile Include="..\..\layers\data_layer.cpp">
      <Filter>layers</Filter>
    </ClCompile>
    <ClCompile Include="..\..\layers\flatten_layer.cpp">
      <Filter>layers</Filter>
    </ClCompile>
    <ClCompile Include="..\..\layers\lrn_layer.cpp">
      <Filter>layers</Filter>
    </ClCompile>
    <ClCompile Include="..\..\layers\normalize_layer.cpp">
      <Filter>layers</Filter>
    </ClCompile>
    <ClCompile Include="..\..\layers\permute_layer.cpp">
      <Filter>layers</Filter>
    </ClCompile>
    <ClCompile Include="..\..\layers\pooling_layer.cpp">
      <Filter>layers</Filter>
    </ClCompile>
    <ClCompile Include="..\..\layers\prior_box_layer.cpp">
      <Filter>layers</Filter>
    </ClCompile>
    <ClCompile Include="..\..\layers\reorg_layer.cpp">
      <Filter>layers</Filter>
    </ClCompile>
    <ClCompile Include="..\..\layers\reshape_layer.cpp">
      <Filter>layers</Filter>
    </ClCompile>
    <ClCompile Include="..\..\layers\scale_layer.cpp">
      <Filter>layers</Filter>
    </ClCompile>
    <ClCompile Include="..\..\layers\softmax_layer.cpp">
      <Filter>layers</Filter>
    </ClCompile>
    <ClCompile Include="..\..\util\boxes.cpp">
      <Filter>util</Filter>
    </ClCompile>
    <ClCompile Include="..\..\util\io.cpp">
      <Filter>util</Filter>
    </ClCompile>
    <ClCompile Include="..\..\util\jimage.cpp">
      <Filter>util</Filter>
    </ClCompile>
    <ClCompile Include="..\..\util\jimage_proc.cpp">
      <Filter>util</Filter>
    </ClCompile>
  </ItemGroup>
  <ItemGroup>
    <CudaCompile Include="..\..\core\blas.cu">
      <Filter>core</Filter>
    </CudaCompile>
    <CudaCompile Include="..\..\core\image.cu">
      <Filter>core</Filter>
    </CudaCompile>
    <CudaCompile Include="..\..\core\kernel.cu">
      <Filter>core</Filter>
    </CudaCompile>
  </ItemGroup>
</Project>