<?xml version="1.0" encoding="utf-8"?>
<Project ToolsVersion="4.0" xmlns="http://schemas.microsoft.com/developer/msbuild/2003">
  <ItemGroup>
    <Filter Include="examples">
      <UniqueIdentifier>{0c6e86a0-8085-451e-b1d9-bafdc3560863}</UniqueIdentifier>
    </Filter>
  </ItemGroup>
  <ItemGroup>
    <ClInclude Include="..\..\examples\demo.hpp">
      <Filter>examples</Filter>
    </ClInclude>
    <ClInclude Include="..\..\examples\method.hpp">
      <Filter>examples</Filter>
    </ClInclude>
    <ClInclude Include="..\..\examples\ssd.hpp">
      <Filter>examples</Filter>
    </ClInclude>
    <ClInclude Include="..\..\examples\yolo.hpp">
      <Filter>examples</Filter>
    </ClInclude>
  </ItemGroup>
  <ItemGroup>
    <ClCompile Include="..\..\examples\demo.cpp">
      <Filter>examples</Filter>
    </ClCompile>
    <ClCompile Include="..\..\examples\main.cpp">
      <Filter>examples</Filter>
    </ClCompile>
    <ClCompile Include="..\..\examples\ssd.cpp">
      <Filter>examples</Filter>
    </ClCompile>
    <ClCompile Include="..\..\examples\yolo.cpp">
      <Filter>examples</Filter>
    </ClCompile>
  </ItemGroup>
</Project>